
Microsoft Visual Studio Solution File, Format Version 12.00
# Visual Studio Version 17
VisualStudioVersion = 17.11.35431.28
MinimumVisualStudioVersion = 10.0.40219.1
Project("{FAE04EC0-301F-11D3-BF4B-00C04F79EFBC}") = "dotnettuitorials.net", "dotnettuitorials.net\dotnettuitorials.net.csproj", "{FCDA595C-3C98-47AD-8621-86F6C1F312BA}"
EndProject
Global
	GlobalSection(SolutionConfigurationPlatforms) = preSolution
		Debug|Any CPU = Debug|Any CPU
		Release|Any CPU = Release|Any CPU
	EndGlobalSection
	GlobalSection(ProjectConfigurationPlatforms) = postSolution
		{FCDA595C-3C98-47AD-8621-86F6C1F312BA}.Debug|Any CPU.ActiveCfg = Debug|Any CPU
		{FCDA595C-3C98-47AD-8621-86F6C1F312BA}.Debug|Any CPU.Build.0 = Debug|Any CPU
		{FCDA595C-3C98-47AD-8621-86F6C1F312BA}.Release|Any CPU.ActiveCfg = Release|Any CPU
		{FCDA595C-3C98-47AD-8621-86F6C1F312BA}.Release|Any CPU.Build.0 = Release|Any CPU
	EndGlobalSection
	GlobalSection(SolutionProperties) = preSolution
		HideSolutionNode = FALSE
	EndGlobalSection
	GlobalSection(ExtensibilityGlobals) = postSolution
		SolutionGuid = {93230453-535F-4F2C-A85F-99C7E3A241ED}
	EndGlobalSection
EndGlobal
