
Microsoft Visual Studio Solution File, Format Version 12.00
# Visual Studio Version 17
VisualStudioVersion = 17.11.35431.28
MinimumVisualStudioVersion = 10.0.40219.1
Project("{FAE04EC0-301F-11D3-BF4B-00C04F79EFBC}") = "SpotTest-01", "SpotTest-01\SpotTest-01.csproj", "{30192E87-4F7B-4B4D-B344-A10CCFC435BF}"
EndProject
Project("{FAE04EC0-301F-11D3-BF4B-00C04F79EFBC}") = "Spot-Test-2", "Spot-Test-2\Spot-Test-2.csproj", "{13CAD641-7F35-45B3-8B31-060C88856A13}"
EndProject
Global
	GlobalSection(SolutionConfigurationPlatforms) = preSolution
		Debug|Any CPU = Debug|Any CPU
		Release|Any CPU = Release|Any CPU
	EndGlobalSection
	GlobalSection(ProjectConfigurationPlatforms) = postSolution
		{30192E87-4F7B-4B4D-B344-A10CCFC435BF}.Debug|Any CPU.ActiveCfg = Debug|Any CPU
		{30192E87-4F7B-4B4D-B344-A10CCFC435BF}.Debug|Any CPU.Build.0 = Debug|Any CPU
		{30192E87-4F7B-4B4D-B344-A10CCFC435BF}.Release|Any CPU.ActiveCfg = Release|Any CPU
		{30192E87-4F7B-4B4D-B344-A10CCFC435BF}.Release|Any CPU.Build.0 = Release|Any CPU
		{13CAD641-7F35-45B3-8B31-060C88856A13}.Debug|Any CPU.ActiveCfg = Debug|Any CPU
		{13CAD641-7F35-45B3-8B31-060C88856A13}.Debug|Any CPU.Build.0 = Debug|Any CPU
		{13CAD641-7F35-45B3-8B31-060C88856A13}.Release|Any CPU.ActiveCfg = Release|Any CPU
		{13CAD641-7F35-45B3-8B31-060C88856A13}.Release|Any CPU.Build.0 = Release|Any CPU
	EndGlobalSection
	GlobalSection(SolutionProperties) = preSolution
		HideSolutionNode = FALSE
	EndGlobalSection
	GlobalSection(ExtensibilityGlobals) = postSolution
		SolutionGuid = {B6DF49C3-5E59-48BA-B320-4D8CC0748656}
	EndGlobalSection
EndGlobal
