
Microsoft Visual Studio Solution File, Format Version 12.00
# Visual Studio Version 17
VisualStudioVersion = 17.11.35431.28
MinimumVisualStudioVersion = 10.0.40219.1
Project("{FAE04EC0-301F-11D3-BF4B-00C04F79EFBC}") = "Pratices", "Pratices.csproj", "{38CA98A4-59DF-4ED9-AF98-3B2CD95E11F3}"
EndProject
Project("{FAE04EC0-301F-11D3-BF4B-00C04F79EFBC}") = "Recursion", "..\Recursion\Recursion.csproj", "{0DD7B059-C10E-4681-97CC-AC9416EFF03F}"
EndProject
Global
	GlobalSection(SolutionConfigurationPlatforms) = preSolution
		Debug|Any CPU = Debug|Any CPU
		Release|Any CPU = Release|Any CPU
	EndGlobalSection
	GlobalSection(ProjectConfigurationPlatforms) = postSolution
		{38CA98A4-59DF-4ED9-AF98-3B2CD95E11F3}.Debug|Any CPU.ActiveCfg = Debug|Any CPU
		{38CA98A4-59DF-4ED9-AF98-3B2CD95E11F3}.Debug|Any CPU.Build.0 = Debug|Any CPU
		{38CA98A4-59DF-4ED9-AF98-3B2CD95E11F3}.Release|Any CPU.ActiveCfg = Release|Any CPU
		{38CA98A4-59DF-4ED9-AF98-3B2CD95E11F3}.Release|Any CPU.Build.0 = Release|Any CPU
		{0DD7B059-C10E-4681-97CC-AC9416EFF03F}.Debug|Any CPU.ActiveCfg = Debug|Any CPU
		{0DD7B059-C10E-4681-97CC-AC9416EFF03F}.Debug|Any CPU.Build.0 = Debug|Any CPU
		{0DD7B059-C10E-4681-97CC-AC9416EFF03F}.Release|Any CPU.ActiveCfg = Release|Any CPU
		{0DD7B059-C10E-4681-97CC-AC9416EFF03F}.Release|Any CPU.Build.0 = Release|Any CPU
	EndGlobalSection
	GlobalSection(SolutionProperties) = preSolution
		HideSolutionNode = FALSE
	EndGlobalSection
	GlobalSection(ExtensibilityGlobals) = postSolution
		SolutionGuid = {2BBB6719-4ED6-45FA-9756-BF262A13F576}
	EndGlobalSection
EndGlobal
