
Microsoft Visual Studio Solution File, Format Version 12.00
# Visual Studio Version 17
VisualStudioVersion = 17.11.35431.28
MinimumVisualStudioVersion = 10.0.40219.1
Project("{FAE04EC0-301F-11D3-BF4B-00C04F79EFBC}") = "NhibernateFirstCrud", "NhibernateFirstCrud\NhibernateFirstCrud.csproj", "{005825A1-0719-446E-AE9B-492B3A8E36F9}"
EndProject
Global
	GlobalSection(SolutionConfigurationPlatforms) = preSolution
		Debug|Any CPU = Debug|Any CPU
		Release|Any CPU = Release|Any CPU
	EndGlobalSection
	GlobalSection(ProjectConfigurationPlatforms) = postSolution
		{005825A1-0719-446E-AE9B-492B3A8E36F9}.Debug|Any CPU.ActiveCfg = Debug|Any CPU
		{005825A1-0719-446E-AE9B-492B3A8E36F9}.Debug|Any CPU.Build.0 = Debug|Any CPU
		{005825A1-0719-446E-AE9B-492B3A8E36F9}.Release|Any CPU.ActiveCfg = Release|Any CPU
		{005825A1-0719-446E-AE9B-492B3A8E36F9}.Release|Any CPU.Build.0 = Release|Any CPU
	EndGlobalSection
	GlobalSection(SolutionProperties) = preSolution
		HideSolutionNode = FALSE
	EndGlobalSection
	GlobalSection(ExtensibilityGlobals) = postSolution
		SolutionGuid = {C986837C-318F-4715-A694-7FA357569909}
	EndGlobalSection
EndGlobal
